
Microsoft Visual Studio Solution File, Format Version 12.00
# Visual Studio 15
VisualStudioVersion = 15.0.28010.2041
MinimumVisualStudioVersion = 10.0.40219.1
Project("{9A19103F-16F7-4668-BE54-9A1E7A4F7556}") = "SynchronizedCacheExample", "SynchronizedCacheExample.csproj", "{C9E0A1BA-DE3A-42F2-9658-C76A01AA3877}"
EndProject
Global
	GlobalSection(SolutionConfigurationPlatforms) = preSolution
		Debug|Any CPU = Debug|Any CPU
		Release|Any CPU = Release|Any CPU
	EndGlobalSection
	GlobalSection(ProjectConfigurationPlatforms) = postSolution
		{FBAFAE28-CF87-4FAB-9769-9266EA286D3D}.Debug|Any CPU.ActiveCfg = Debug|Any CPU
		{FBAFAE28-CF87-4FAB-9769-9266EA286D3D}.Debug|Any CPU.Build.0 = Debug|Any CPU
		{FBAFAE28-CF87-4FAB-9769-9266EA286D3D}.Release|Any CPU.ActiveCfg = Release|Any CPU
		{FBAFAE28-CF87-4FAB-9769-9266EA286D3D}.Release|Any CPU.Build.0 = Release|Any CPU
		{C9E0A1BA-DE3A-42F2-9658-C76A01AA3877}.Debug|Any CPU.ActiveCfg = Debug|Any CPU
		{C9E0A1BA-DE3A-42F2-9658-C76A01AA3877}.Debug|Any CPU.Build.0 = Debug|Any CPU
		{C9E0A1BA-DE3A-42F2-9658-C76A01AA3877}.Release|Any CPU.ActiveCfg = Release|Any CPU
		{C9E0A1BA-DE3A-42F2-9658-C76A01AA3877}.Release|Any CPU.Build.0 = Release|Any CPU
	EndGlobalSection
	GlobalSection(SolutionProperties) = preSolution
		HideSolutionNode = FALSE
	EndGlobalSection
	GlobalSection(ExtensibilityGlobals) = postSolution
		SolutionGuid = {4AAB9860-825D-4DF9-8FE1-1970925FEFEA}
	EndGlobalSection
EndGlobal
